
Microsoft Visual Studio Solution File, Format Version 12.00
# Visual Studio Version 17
VisualStudioVersion = 17.1.32414.318
MinimumVisualStudioVersion = 10.0.40219.1
Project("{FAE04EC0-301F-11D3-BF4B-00C04F79EFBC}") = "LinkedList  csharp", "LinkedList  csharp\LinkedList  csharp.csproj", "{57107CFA-61D2-4369-AF4F-FCE438279D2C}"
EndProject
Global
	GlobalSection(SolutionConfigurationPlatforms) = preSolution
		Debug|Any CPU = Debug|Any CPU
		Release|Any CPU = Release|Any CPU
	EndGlobalSection
	GlobalSection(ProjectConfigurationPlatforms) = postSolution
		{57107CFA-61D2-4369-AF4F-FCE438279D2C}.Debug|Any CPU.ActiveCfg = Debug|Any CPU
		{57107CFA-61D2-4369-AF4F-FCE438279D2C}.Debug|Any CPU.Build.0 = Debug|Any CPU
		{57107CFA-61D2-4369-AF4F-FCE438279D2C}.Release|Any CPU.ActiveCfg = Release|Any CPU
		{57107CFA-61D2-4369-AF4F-FCE438279D2C}.Release|Any CPU.Build.0 = Release|Any CPU
	EndGlobalSection
	GlobalSection(SolutionProperties) = preSolution
		HideSolutionNode = FALSE
	EndGlobalSection
	GlobalSection(ExtensibilityGlobals) = postSolution
		SolutionGuid = {23535F95-6BA1-4E92-A893-88BDEF0CE8E8}
	EndGlobalSection
EndGlobal
